
Microsoft Visual Studio Solution File, Format Version 12.00
Project("{FAE04EC0-301F-11D3-BF4B-00C04F79EFBC}") = "BlazorBlog.Presentation", "BlazorBlog.Presentation\BlazorBlog.Presentation.csproj", "{3634775F-544F-43C0-8B53-BA15B2DAE1A2}"
EndProject
Project("{FAE04EC0-301F-11D3-BF4B-00C04F79EFBC}") = "BlazorBlog.Server", "BlazorBlog.Server\BlazorBlog.Server.csproj", "{7D415293-F125-45D7-8991-16C8489A02FB}"
EndProject
Project("{FAE04EC0-301F-11D3-BF4B-00C04F79EFBC}") = "BlazorBlog.Shared", "BlazorBlog.Shared\BlazorBlog.Shared.csproj", "{E3449DD2-0BA1-4B44-8560-CAEB6F202049}"
EndProject
Global
	GlobalSection(SolutionConfigurationPlatforms) = preSolution
		Debug|Any CPU = Debug|Any CPU
		Release|Any CPU = Release|Any CPU
	EndGlobalSection
	GlobalSection(ProjectConfigurationPlatforms) = postSolution
		{3634775F-544F-43C0-8B53-BA15B2DAE1A2}.Debug|Any CPU.ActiveCfg = Debug|Any CPU
		{3634775F-544F-43C0-8B53-BA15B2DAE1A2}.Debug|Any CPU.Build.0 = Debug|Any CPU
		{3634775F-544F-43C0-8B53-BA15B2DAE1A2}.Release|Any CPU.ActiveCfg = Release|Any CPU
		{3634775F-544F-43C0-8B53-BA15B2DAE1A2}.Release|Any CPU.Build.0 = Release|Any CPU
		{7D415293-F125-45D7-8991-16C8489A02FB}.Debug|Any CPU.ActiveCfg = Debug|Any CPU
		{7D415293-F125-45D7-8991-16C8489A02FB}.Debug|Any CPU.Build.0 = Debug|Any CPU
		{7D415293-F125-45D7-8991-16C8489A02FB}.Release|Any CPU.ActiveCfg = Release|Any CPU
		{7D415293-F125-45D7-8991-16C8489A02FB}.Release|Any CPU.Build.0 = Release|Any CPU
		{E3449DD2-0BA1-4B44-8560-CAEB6F202049}.Debug|Any CPU.ActiveCfg = Debug|Any CPU
		{E3449DD2-0BA1-4B44-8560-CAEB6F202049}.Debug|Any CPU.Build.0 = Debug|Any CPU
		{E3449DD2-0BA1-4B44-8560-CAEB6F202049}.Release|Any CPU.ActiveCfg = Release|Any CPU
		{E3449DD2-0BA1-4B44-8560-CAEB6F202049}.Release|Any CPU.Build.0 = Release|Any CPU
	EndGlobalSection
EndGlobal
